
Microsoft Visual Studio Solution File, Format Version 12.00
# Visual Studio 16
Project("{FAE04EC0-301F-11D3-BF4B-00C04F79EFBC}") = "Assembly-CSharp", "Assembly-CSharp.csproj", "{8E96A068-8F36-3983-7631-696580FAFDE3}"
EndProject
Project("{FAE04EC0-301F-11D3-BF4B-00C04F79EFBC}") = "Assembly-CSharp-Editor", "Assembly-CSharp-Editor.csproj", "{A44CC6CD-D384-4875-5CC3-E9683C87AAFF}"
EndProject
Global
	GlobalSection(SolutionConfigurationPlatforms) = preSolution
		Debug|Any CPU = Debug|Any CPU
		Release|Any CPU = Release|Any CPU
	EndGlobalSection
	GlobalSection(ProjectConfigurationPlatforms) = postSolution
		{8E96A068-8F36-3983-7631-696580FAFDE3}.Debug|Any CPU.ActiveCfg = Debug|Any CPU
		{8E96A068-8F36-3983-7631-696580FAFDE3}.Debug|Any CPU.Build.0 = Debug|Any CPU
		{8E96A068-8F36-3983-7631-696580FAFDE3}.Release|Any CPU.ActiveCfg = Release|Any CPU
		{8E96A068-8F36-3983-7631-696580FAFDE3}.Release|Any CPU.Build.0 = Release|Any CPU
		{A44CC6CD-D384-4875-5CC3-E9683C87AAFF}.Debug|Any CPU.ActiveCfg = Debug|Any CPU
		{A44CC6CD-D384-4875-5CC3-E9683C87AAFF}.Debug|Any CPU.Build.0 = Debug|Any CPU
		{A44CC6CD-D384-4875-5CC3-E9683C87AAFF}.Release|Any CPU.ActiveCfg = Release|Any CPU
		{A44CC6CD-D384-4875-5CC3-E9683C87AAFF}.Release|Any CPU.Build.0 = Release|Any CPU
	EndGlobalSection
	GlobalSection(SolutionProperties) = preSolution
		HideSolutionNode = FALSE
	EndGlobalSection
EndGlobal
